
Microsoft Visual Studio Solution File, Format Version 12.00
# Visual Studio Version 16
VisualStudioVersion = 16.0.31019.35
MinimumVisualStudioVersion = 10.0.40219.1
Project("{9A19103F-16F7-4668-BE54-9A1E7A4F7556}") = "BlazorSignals.Server", "BlazorSignals\Server\BlazorSignals.Server.csproj", "{2DD9FA4C-6988-4228-96C4-C7A3C3FB42D2}"
EndProject
Project("{9A19103F-16F7-4668-BE54-9A1E7A4F7556}") = "BlazorSignals.Client", "BlazorSignals\Client\BlazorSignals.Client.csproj", "{0599F037-4E41-4C6D-82EA-79C1ED9D2854}"
EndProject
Project("{9A19103F-16F7-4668-BE54-9A1E7A4F7556}") = "BlazorSignals.Shared", "BlazorSignals\Shared\BlazorSignals.Shared.csproj", "{06C0E27B-8172-46E8-BF13-19DEFEDBB172}"
EndProject
Project("{9A19103F-16F7-4668-BE54-9A1E7A4F7556}") = "TransmitterUnit", "TransmitterUnit\TransmitterUnit.csproj", "{D2AF8729-6F1C-473E-8C37-3860DB02E202}"
EndProject
Project("{2150E333-8FDC-42A3-9474-1A3956D46DE8}") = "Solution Items", "Solution Items", "{5C943835-30CD-4D5A-A874-9008B141727B}"
EndProject
Global
	GlobalSection(SolutionConfigurationPlatforms) = preSolution
		Debug|Any CPU = Debug|Any CPU
		Release|Any CPU = Release|Any CPU
	EndGlobalSection
	GlobalSection(ProjectConfigurationPlatforms) = postSolution
		{2DD9FA4C-6988-4228-96C4-C7A3C3FB42D2}.Debug|Any CPU.ActiveCfg = Debug|Any CPU
		{2DD9FA4C-6988-4228-96C4-C7A3C3FB42D2}.Debug|Any CPU.Build.0 = Debug|Any CPU
		{2DD9FA4C-6988-4228-96C4-C7A3C3FB42D2}.Release|Any CPU.ActiveCfg = Release|Any CPU
		{2DD9FA4C-6988-4228-96C4-C7A3C3FB42D2}.Release|Any CPU.Build.0 = Release|Any CPU
		{0599F037-4E41-4C6D-82EA-79C1ED9D2854}.Debug|Any CPU.ActiveCfg = Debug|Any CPU
		{0599F037-4E41-4C6D-82EA-79C1ED9D2854}.Debug|Any CPU.Build.0 = Debug|Any CPU
		{0599F037-4E41-4C6D-82EA-79C1ED9D2854}.Release|Any CPU.ActiveCfg = Release|Any CPU
		{0599F037-4E41-4C6D-82EA-79C1ED9D2854}.Release|Any CPU.Build.0 = Release|Any CPU
		{06C0E27B-8172-46E8-BF13-19DEFEDBB172}.Debug|Any CPU.ActiveCfg = Debug|Any CPU
		{06C0E27B-8172-46E8-BF13-19DEFEDBB172}.Debug|Any CPU.Build.0 = Debug|Any CPU
		{06C0E27B-8172-46E8-BF13-19DEFEDBB172}.Release|Any CPU.ActiveCfg = Release|Any CPU
		{06C0E27B-8172-46E8-BF13-19DEFEDBB172}.Release|Any CPU.Build.0 = Release|Any CPU
		{D2AF8729-6F1C-473E-8C37-3860DB02E202}.Debug|Any CPU.ActiveCfg = Debug|Any CPU
		{D2AF8729-6F1C-473E-8C37-3860DB02E202}.Debug|Any CPU.Build.0 = Debug|Any CPU
		{D2AF8729-6F1C-473E-8C37-3860DB02E202}.Release|Any CPU.ActiveCfg = Release|Any CPU
		{D2AF8729-6F1C-473E-8C37-3860DB02E202}.Release|Any CPU.Build.0 = Release|Any CPU
	EndGlobalSection
	GlobalSection(SolutionProperties) = preSolution
		HideSolutionNode = FALSE
	EndGlobalSection
	GlobalSection(ExtensibilityGlobals) = postSolution
		SolutionGuid = {B4C9A612-31C6-40EE-9C37-BBFB971760FE}
	EndGlobalSection
EndGlobal
